
Microsoft Visual Studio Solution File, Format Version 12.00
# Visual Studio Version 17
VisualStudioVersion = 17.6.33801.468
MinimumVisualStudioVersion = 10.0.40219.1
Project("{FAE04EC0-301F-11D3-BF4B-00C04F79EFBC}") = "RestApp", "RestApp\RestApp.csproj", "{7B79754C-161F-4EFE-852C-BFF11B727199}"
EndProject
Project("{FAE04EC0-301F-11D3-BF4B-00C04F79EFBC}") = "UnitTests", "UnitTests\UnitTests.csproj", "{BD53DD26-9156-4EE0-850E-009BDCC16BBC}"
EndProject
Global
	GlobalSection(SolutionConfigurationPlatforms) = preSolution
		Debug|Any CPU = Debug|Any CPU
		Release|Any CPU = Release|Any CPU
	EndGlobalSection
	GlobalSection(ProjectConfigurationPlatforms) = postSolution
		{7B79754C-161F-4EFE-852C-BFF11B727199}.Debug|Any CPU.ActiveCfg = Debug|Any CPU
		{7B79754C-161F-4EFE-852C-BFF11B727199}.Debug|Any CPU.Build.0 = Debug|Any CPU
		{7B79754C-161F-4EFE-852C-BFF11B727199}.Release|Any CPU.ActiveCfg = Release|Any CPU
		{7B79754C-161F-4EFE-852C-BFF11B727199}.Release|Any CPU.Build.0 = Release|Any CPU
		{BD53DD26-9156-4EE0-850E-009BDCC16BBC}.Debug|Any CPU.ActiveCfg = Debug|Any CPU
		{BD53DD26-9156-4EE0-850E-009BDCC16BBC}.Debug|Any CPU.Build.0 = Debug|Any CPU
		{BD53DD26-9156-4EE0-850E-009BDCC16BBC}.Release|Any CPU.ActiveCfg = Release|Any CPU
		{BD53DD26-9156-4EE0-850E-009BDCC16BBC}.Release|Any CPU.Build.0 = Release|Any CPU
	EndGlobalSection
	GlobalSection(SolutionProperties) = preSolution
		HideSolutionNode = FALSE
	EndGlobalSection
	GlobalSection(ExtensibilityGlobals) = postSolution
		SolutionGuid = {CCD435A9-5BFF-415B-BC65-10D43F614BEF}
	EndGlobalSection
EndGlobal
